
Microsoft Visual Studio Solution File, Format Version 12.00
# Visual Studio Version 17
VisualStudioVersion = 17.9.34723.18
MinimumVisualStudioVersion = 10.0.40219.1
Project("{9A19103F-16F7-4668-BE54-9A1E7A4F7556}") = "Nhom15_QLKho", "Nhom15_QLKho\Nhom15_QLKho.csproj", "{2D8D8552-C0AE-40CA-9211-D67082414DEA}"
EndProject
Global
	GlobalSection(SolutionConfigurationPlatforms) = preSolution
		Debug|Any CPU = Debug|Any CPU
		Release|Any CPU = Release|Any CPU
	EndGlobalSection
	GlobalSection(ProjectConfigurationPlatforms) = postSolution
		{2D8D8552-C0AE-40CA-9211-D67082414DEA}.Debug|Any CPU.ActiveCfg = Debug|Any CPU
		{2D8D8552-C0AE-40CA-9211-D67082414DEA}.Debug|Any CPU.Build.0 = Debug|Any CPU
		{2D8D8552-C0AE-40CA-9211-D67082414DEA}.Release|Any CPU.ActiveCfg = Release|Any CPU
		{2D8D8552-C0AE-40CA-9211-D67082414DEA}.Release|Any CPU.Build.0 = Release|Any CPU
	EndGlobalSection
	GlobalSection(SolutionProperties) = preSolution
		HideSolutionNode = FALSE
	EndGlobalSection
	GlobalSection(ExtensibilityGlobals) = postSolution
		SolutionGuid = {5B7FD460-9CB9-4BC9-9BF8-49920B8CB37D}
	EndGlobalSection
EndGlobal
